
Microsoft Visual Studio Solution File, Format Version 11.00
# Visual Studio 2010
Project("{FAE04EC0-301F-11D3-BF4B-00C04F79EFBC}") = "BallYall", "Assembly-CSharp.csproj", "{391D52EE-B4E0-F7ED-572D-79281B380A95}"
EndProject
Project("{FAE04EC0-301F-11D3-BF4B-00C04F79EFBC}") = "BallYall", "Assembly-CSharp-firstpass.csproj", "{E6204908-A6BF-20A7-1C0E-ED27A0EDD42B}"
EndProject
Project("{FAE04EC0-301F-11D3-BF4B-00C04F79EFBC}") = "BallYall", "Assembly-CSharp-Editor-firstpass.csproj", "{34B027E6-811E-9409-0AD5-9C89F237A1E8}"
EndProject
Global
	GlobalSection(SolutionConfigurationPlatforms) = preSolution
		Debug|Any CPU = Debug|Any CPU
		Release|Any CPU = Release|Any CPU
	EndGlobalSection
	GlobalSection(ProjectConfigurationPlatforms) = postSolution
		{391D52EE-B4E0-F7ED-572D-79281B380A95}.Debug|Any CPU.ActiveCfg = Debug|Any CPU
		{391D52EE-B4E0-F7ED-572D-79281B380A95}.Debug|Any CPU.Build.0 = Debug|Any CPU
		{391D52EE-B4E0-F7ED-572D-79281B380A95}.Release|Any CPU.ActiveCfg = Release|Any CPU
		{391D52EE-B4E0-F7ED-572D-79281B380A95}.Release|Any CPU.Build.0 = Release|Any CPU
		{E6204908-A6BF-20A7-1C0E-ED27A0EDD42B}.Debug|Any CPU.ActiveCfg = Debug|Any CPU
		{E6204908-A6BF-20A7-1C0E-ED27A0EDD42B}.Debug|Any CPU.Build.0 = Debug|Any CPU
		{E6204908-A6BF-20A7-1C0E-ED27A0EDD42B}.Release|Any CPU.ActiveCfg = Release|Any CPU
		{E6204908-A6BF-20A7-1C0E-ED27A0EDD42B}.Release|Any CPU.Build.0 = Release|Any CPU
		{34B027E6-811E-9409-0AD5-9C89F237A1E8}.Debug|Any CPU.ActiveCfg = Debug|Any CPU
		{34B027E6-811E-9409-0AD5-9C89F237A1E8}.Debug|Any CPU.Build.0 = Debug|Any CPU
		{34B027E6-811E-9409-0AD5-9C89F237A1E8}.Release|Any CPU.ActiveCfg = Release|Any CPU
		{34B027E6-811E-9409-0AD5-9C89F237A1E8}.Release|Any CPU.Build.0 = Release|Any CPU
	EndGlobalSection
	GlobalSection(SolutionProperties) = preSolution
		HideSolutionNode = FALSE
	EndGlobalSection
	GlobalSection(MonoDevelopProperties) = preSolution
		StartupItem = Assembly-CSharp.csproj
	EndGlobalSection
EndGlobal
