
Microsoft Visual Studio Solution File, Format Version 12.00
# Visual Studio 2017
Project("{FAE04EC0-301F-11D3-BF4B-00C04F79EFBC}") = "Ball Y’all!", "Ball Y’all!.csproj", "{D33FFEC5-8E3A-0187-1729-97120DC78AD7}"
EndProject
Project("{FAE04EC0-301F-11D3-BF4B-00C04F79EFBC}") = "Ball Y’all!.Plugins", "Ball Y’all!.Plugins.csproj", "{FD7059F7-1A87-2735-B6D9-AB8771DEC8B0}"
EndProject
Project("{FAE04EC0-301F-11D3-BF4B-00C04F79EFBC}") = "Ball Y’all!.Editor.Plugins", "Ball Y’all!.Editor.Plugins.csproj", "{9376CE49-1EED-73D9-279F-1EF83ED8AD15}"
EndProject
Global
	GlobalSection(SolutionConfigurationPlatforms) = preSolution
		Debug|Any CPU = Debug|Any CPU
		Release|Any CPU = Release|Any CPU
	EndGlobalSection
	GlobalSection(ProjectConfigurationPlatforms) = postSolution
		{D33FFEC5-8E3A-0187-1729-97120DC78AD7}.Debug|Any CPU.ActiveCfg = Debug|Any CPU
		{D33FFEC5-8E3A-0187-1729-97120DC78AD7}.Debug|Any CPU.Build.0 = Debug|Any CPU
		{D33FFEC5-8E3A-0187-1729-97120DC78AD7}.Release|Any CPU.ActiveCfg = Release|Any CPU
		{D33FFEC5-8E3A-0187-1729-97120DC78AD7}.Release|Any CPU.Build.0 = Release|Any CPU
		{FD7059F7-1A87-2735-B6D9-AB8771DEC8B0}.Debug|Any CPU.ActiveCfg = Debug|Any CPU
		{FD7059F7-1A87-2735-B6D9-AB8771DEC8B0}.Debug|Any CPU.Build.0 = Debug|Any CPU
		{FD7059F7-1A87-2735-B6D9-AB8771DEC8B0}.Release|Any CPU.ActiveCfg = Release|Any CPU
		{FD7059F7-1A87-2735-B6D9-AB8771DEC8B0}.Release|Any CPU.Build.0 = Release|Any CPU
		{9376CE49-1EED-73D9-279F-1EF83ED8AD15}.Debug|Any CPU.ActiveCfg = Debug|Any CPU
		{9376CE49-1EED-73D9-279F-1EF83ED8AD15}.Debug|Any CPU.Build.0 = Debug|Any CPU
		{9376CE49-1EED-73D9-279F-1EF83ED8AD15}.Release|Any CPU.ActiveCfg = Release|Any CPU
		{9376CE49-1EED-73D9-279F-1EF83ED8AD15}.Release|Any CPU.Build.0 = Release|Any CPU
	EndGlobalSection
	GlobalSection(SolutionProperties) = preSolution
		HideSolutionNode = FALSE
	EndGlobalSection
EndGlobal
