
Microsoft Visual Studio Solution File, Format Version 12.00
# Visual Studio 2017
Project("{FAE04EC0-301F-11D3-BF4B-00C04F79EFBC}") = "VitosBalyallFinal", "VitosBalyallFinal.csproj", "{1CE32EE2-6F57-9B64-9F7A-F13B99C8DA25}"
EndProject
Project("{FAE04EC0-301F-11D3-BF4B-00C04F79EFBC}") = "VitosBalyallFinal.Plugins", "VitosBalyallFinal.Plugins.csproj", "{4F249061-6D0A-A5A8-F0C0-1E4C3135BDC6}"
EndProject
Project("{FAE04EC0-301F-11D3-BF4B-00C04F79EFBC}") = "VitosBalyallFinal.Editor.Plugins", "VitosBalyallFinal.Editor.Plugins.csproj", "{28698F6B-54F0-873F-5F47-3424AE695195}"
EndProject
Global
	GlobalSection(SolutionConfigurationPlatforms) = preSolution
		Debug|Any CPU = Debug|Any CPU
		Release|Any CPU = Release|Any CPU
	EndGlobalSection
	GlobalSection(ProjectConfigurationPlatforms) = postSolution
		{1CE32EE2-6F57-9B64-9F7A-F13B99C8DA25}.Debug|Any CPU.ActiveCfg = Debug|Any CPU
		{1CE32EE2-6F57-9B64-9F7A-F13B99C8DA25}.Debug|Any CPU.Build.0 = Debug|Any CPU
		{1CE32EE2-6F57-9B64-9F7A-F13B99C8DA25}.Release|Any CPU.ActiveCfg = Release|Any CPU
		{1CE32EE2-6F57-9B64-9F7A-F13B99C8DA25}.Release|Any CPU.Build.0 = Release|Any CPU
		{4F249061-6D0A-A5A8-F0C0-1E4C3135BDC6}.Debug|Any CPU.ActiveCfg = Debug|Any CPU
		{4F249061-6D0A-A5A8-F0C0-1E4C3135BDC6}.Debug|Any CPU.Build.0 = Debug|Any CPU
		{4F249061-6D0A-A5A8-F0C0-1E4C3135BDC6}.Release|Any CPU.ActiveCfg = Release|Any CPU
		{4F249061-6D0A-A5A8-F0C0-1E4C3135BDC6}.Release|Any CPU.Build.0 = Release|Any CPU
		{28698F6B-54F0-873F-5F47-3424AE695195}.Debug|Any CPU.ActiveCfg = Debug|Any CPU
		{28698F6B-54F0-873F-5F47-3424AE695195}.Debug|Any CPU.Build.0 = Debug|Any CPU
		{28698F6B-54F0-873F-5F47-3424AE695195}.Release|Any CPU.ActiveCfg = Release|Any CPU
		{28698F6B-54F0-873F-5F47-3424AE695195}.Release|Any CPU.Build.0 = Release|Any CPU
	EndGlobalSection
	GlobalSection(SolutionProperties) = preSolution
		HideSolutionNode = FALSE
	EndGlobalSection
EndGlobal
